// !$*UTF8*$!
{
	archiveVersion = 1;
	classes = {
	};
	objectVersion = 46;
	objects = {

/* Begin PBXBuildFile section */
		2283BE331ADAFC8100C56DB5 /* main.swift in Sources */ = {isa = PBXBuildFile; fileRef = 2283BE321ADAFC8100C56DB5 /* main.swift */; };
		871230F620C7202D001516D4 /* String+Utils.swift in Sources */ = {isa = PBXBuildFile; fileRef = 871230F520C7202D001516D4 /* String+Utils.swift */; };
		871230F820C72263001516D4 /* Character+Utils.swift in Sources */ = {isa = PBXBuildFile; fileRef = 871230F720C72263001516D4 /* Character+Utils.swift */; };
		871230FA20C72289001516D4 /* Fitness.swift in Sources */ = {isa = PBXBuildFile; fileRef = 871230F920C72289001516D4 /* Fitness.swift */; };
		8716865E20C7143300679644 /* Chromosome.swift in Sources */ = {isa = PBXBuildFile; fileRef = 8716865C20C7143300679644 /* Chromosome.swift */; };
		8716865F20C7143300679644 /* Algorithm.swift in Sources */ = {isa = PBXBuildFile; fileRef = 8716865D20C7143300679644 /* Algorithm.swift */; };
/* End PBXBuildFile section */

/* Begin PBXCopyFilesBuildPhase section */
		2283BE2D1ADAFC8100C56DB5 /* CopyFiles */ = {
			isa = PBXCopyFilesBuildPhase;
			buildActionMask = 2147483647;
			dstPath = /usr/share/man/man1/;
			dstSubfolderSpec = 0;
			files = (
			);
			runOnlyForDeploymentPostprocessing = 1;
		};
/* End PBXCopyFilesBuildPhase section */

/* Begin PBXFileReference section */
		2283BE2F1ADAFC8100C56DB5 /* GeneticAlgorithm */ = {isa = PBXFileReference; explicitFileType = "compiled.mach-o.executable"; includeInIndex = 0; path = GeneticAlgorithm; sourceTree = BUILT_PRODUCTS_DIR; };
		2283BE321ADAFC8100C56DB5 /* main.swift */ = {isa = PBXFileReference; lastKnownFileType = sourcecode.swift; path = main.swift; sourceTree = "<group>"; };
		871230F520C7202D001516D4 /* String+Utils.swift */ = {isa = PBXFileReference; lastKnownFileType = sourcecode.swift; path = "String+Utils.swift"; sourceTree = "<group>"; };
		871230F720C72263001516D4 /* Character+Utils.swift */ = {isa = PBXFileReference; lastKnownFileType = sourcecode.swift; path = "Character+Utils.swift"; sourceTree = "<group>"; };
		871230F920C72289001516D4 /* Fitness.swift */ = {isa = PBXFileReference; lastKnownFileType = sourcecode.swift; path = Fitness.swift; sourceTree = "<group>"; };
		8716865C20C7143300679644 /* Chromosome.swift */ = {isa = PBXFileReference; fileEncoding = 4; lastKnownFileType = sourcecode.swift; path = Chromosome.swift; sourceTree = "<group>"; };
		8716865D20C7143300679644 /* Algorithm.swift */ = {isa = PBXFileReference; fileEncoding = 4; lastKnownFileType = sourcecode.swift; path = Algorithm.swift; sourceTree = "<group>"; };
/* End PBXFileReference section */

/* Begin PBXFrameworksBuildPhase section */
		2283BE2C1ADAFC8100C56DB5 /* Frameworks */ = {
			isa = PBXFrameworksBuildPhase;
			buildActionMask = 2147483647;
			files = (
			);
			runOnlyForDeploymentPostprocessing = 0;
		};
/* End PBXFrameworksBuildPhase section */

/* Begin PBXGroup section */
		2283BE261ADAFC8100C56DB5 = {
			isa = PBXGroup;
			children = (
				2283BE311ADAFC8100C56DB5 /* GeneticAlgorithm */,
				2283BE301ADAFC8100C56DB5 /* Products */,
			);
			sourceTree = "<group>";
		};
		2283BE301ADAFC8100C56DB5 /* Products */ = {
			isa = PBXGroup;
			children = (
				2283BE2F1ADAFC8100C56DB5 /* GeneticAlgorithm */,
			);
			name = Products;
			sourceTree = "<group>";
		};
		2283BE311ADAFC8100C56DB5 /* GeneticAlgorithm */ = {
			isa = PBXGroup;
			children = (
				8716865D20C7143300679644 /* Algorithm.swift */,
				8716865C20C7143300679644 /* Chromosome.swift */,
				871230F920C72289001516D4 /* Fitness.swift */,
				871230F520C7202D001516D4 /* String+Utils.swift */,
				871230F720C72263001516D4 /* Character+Utils.swift */,
				2283BE321ADAFC8100C56DB5 /* main.swift */,
			);
			path = GeneticAlgorithm;
			sourceTree = "<group>";
		};
/* End PBXGroup section */

/* Begin PBXNativeTarget section */
		2283BE2E1ADAFC8100C56DB5 /* GeneticAlgorithm */ = {
			isa = PBXNativeTarget;
			buildConfigurationList = 2283BE361ADAFC8100C56DB5 /* Build configuration list for PBXNativeTarget "GeneticAlgorithm" */;
			buildPhases = (
				2283BE2B1ADAFC8100C56DB5 /* Sources */,
				2283BE2C1ADAFC8100C56DB5 /* Frameworks */,
				2283BE2D1ADAFC8100C56DB5 /* CopyFiles */,
			);
			buildRules = (
			);
			dependencies = (
			);
			name = GeneticAlgorithm;
			productName = GeneticAlgorithm;
			productReference = 2283BE2F1ADAFC8100C56DB5 /* GeneticAlgorithm */;
			productType = "com.apple.product-type.tool";
		};
/* End PBXNativeTarget section */

/* Begin PBXProject section */
		2283BE271ADAFC8100C56DB5 /* Project object */ = {
			isa = PBXProject;
			attributes = {
				LastSwiftUpdateCheck = 0700;
				LastUpgradeCheck = 0930;
				ORGANIZATIONNAME = "Tim Searle";
				TargetAttributes = {
					2283BE2E1ADAFC8100C56DB5 = {
						CreatedOnToolsVersion = 6.2;
						LastSwiftMigration = 1000;
					};
				};
			};
			buildConfigurationList = 2283BE2A1ADAFC8100C56DB5 /* Build configuration list for PBXProject "GeneticAlgorithm" */;
			compatibilityVersion = "Xcode 3.2";
			developmentRegion = English;
			hasScannedForEncodings = 0;
			knownRegions = (
				en,
			);
			mainGroup = 2283BE261ADAFC8100C56DB5;
			productRefGroup = 2283BE301ADAFC8100C56DB5 /* Products */;
			projectDirPath = "";
			projectRoot = "";
			targets = (
				2283BE2E1ADAFC8100C56DB5 /* GeneticAlgorithm */,
			);
		};
/* End PBXProject section */

/* Begin PBXSourcesBuildPhase section */
		2283BE2B1ADAFC8100C56DB5 /* Sources */ = {
			isa = PBXSourcesBuildPhase;
			buildActionMask = 2147483647;
			files = (
				871230FA20C72289001516D4 /* Fitness.swift in Sources */,
				871230F620C7202D001516D4 /* String+Utils.swift in Sources */,
				8716865E20C7143300679644 /* Chromosome.swift in Sources */,
				871230F820C72263001516D4 /* Character+Utils.swift in Sources */,
				2283BE331ADAFC8100C56DB5 /* main.swift in Sources */,
				8716865F20C7143300679644 /* Algorithm.swift in Sources */,
			);
			runOnlyForDeploymentPostprocessing = 0;
		};
/* End PBXSourcesBuildPhase section */

/* Begin XCBuildConfiguration section */
		2283BE341ADAFC8100C56DB5 /* Debug */ = {
			isa = XCBuildConfiguration;
			buildSettings = {
				ALWAYS_SEARCH_USER_PATHS = NO;
				CLANG_CXX_LANGUAGE_STANDARD = "gnu++0x";
				CLANG_CXX_LIBRARY = "libc++";
				CLANG_ENABLE_MODULES = YES;
				CLANG_ENABLE_OBJC_ARC = YES;
				CLANG_WARN_BLOCK_CAPTURE_AUTORELEASING = YES;
				CLANG_WARN_BOOL_CONVERSION = YES;
				CLANG_WARN_COMMA = YES;
				CLANG_WARN_CONSTANT_CONVERSION = YES;
				CLANG_WARN_DEPRECATED_OBJC_IMPLEMENTATIONS = YES;
				CLANG_WARN_DIRECT_OBJC_ISA_USAGE = YES_ERROR;
				CLANG_WARN_EMPTY_BODY = YES;
				CLANG_WARN_ENUM_CONVERSION = YES;
				CLANG_WARN_INFINITE_RECURSION = YES;
				CLANG_WARN_INT_CONVERSION = YES;
				CLANG_WARN_NON_LITERAL_NULL_CONVERSION = YES;
				CLANG_WARN_OBJC_IMPLICIT_RETAIN_SELF = YES;
				CLANG_WARN_OBJC_LITERAL_CONVERSION = YES;
				CLANG_WARN_OBJC_ROOT_CLASS = YES_ERROR;
				CLANG_WARN_RANGE_LOOP_ANALYSIS = YES;
				CLANG_WARN_STRICT_PROTOTYPES = YES;
				CLANG_WARN_SUSPICIOUS_MOVE = YES;
				CLANG_WARN_UNREACHABLE_CODE = YES;
				CLANG_WARN__DUPLICATE_METHOD_MATCH = YES;
				COPY_PHASE_STRIP = NO;
				ENABLE_STRICT_OBJC_MSGSEND = YES;
				ENABLE_TESTABILITY = YES;
				GCC_C_LANGUAGE_STANDARD = gnu99;
				GCC_DYNAMIC_NO_PIC = NO;
				GCC_NO_COMMON_BLOCKS = YES;
				GCC_OPTIMIZATION_LEVEL = 0;
				GCC_PREPROCESSOR_DEFINITIONS = (
					"DEBUG=1",
					"$(inherited)",
				);
				GCC_SYMBOLS_PRIVATE_EXTERN = NO;
				GCC_WARN_64_TO_32_BIT_CONVERSION = YES;
				GCC_WARN_ABOUT_RETURN_TYPE = YES_ERROR;
				GCC_WARN_UNDECLARED_SELECTOR = YES;
				GCC_WARN_UNINITIALIZED_AUTOS = YES_AGGRESSIVE;
				GCC_WARN_UNUSED_FUNCTION = YES;
				GCC_WARN_UNUSED_VARIABLE = YES;
				MACOSX_DEPLOYMENT_TARGET = 10.13;
				MTL_ENABLE_DEBUG_INFO = YES;
				ONLY_ACTIVE_ARCH = YES;
				SDKROOT = macosx;
				SWIFT_OPTIMIZATION_LEVEL = "-Onone";
			};
			name = Debug;
		};
		2283BE351ADAFC8100C56DB5 /* Release */ = {
			isa = XCBuildConfiguration;
			buildSettings = {
				ALWAYS_SEARCH_USER_PATHS = NO;
				CLANG_CXX_LANGUAGE_STANDARD = "gnu++0x";
				CLANG_CXX_LIBRARY = "libc++";
				CLANG_ENABLE_MODULES = YES;
				CLANG_ENABLE_OBJC_ARC = YES;
				CLANG_WARN_BLOCK_CAPTURE_AUTORELEASING = YES;
				CLANG_WARN_BOOL_CONVERSION = YES;
				CLANG_WARN_COMMA = YES;
				CLANG_WARN_CONSTANT_CONVERSION = YES;
				CLANG_WARN_DEPRECATED_OBJC_IMPLEMENTATIONS = YES;
				CLANG_WARN_DIRECT_OBJC_ISA_USAGE = YES_ERROR;
				CLANG_WARN_EMPTY_BODY = YES;
				CLANG_WARN_ENUM_CONVERSION = YES;
				CLANG_WARN_INFINITE_RECURSION = YES;
				CLANG_WARN_INT_CONVERSION = YES;
				CLANG_WARN_NON_LITERAL_NULL_CONVERSION = YES;
				CLANG_WARN_OBJC_IMPLICIT_RETAIN_SELF = YES;
				CLANG_WARN_OBJC_LITERAL_CONVERSION = YES;
				CLANG_WARN_OBJC_ROOT_CLASS = YES_ERROR;
				CLANG_WARN_RANGE_LOOP_ANALYSIS = YES;
				CLANG_WARN_STRICT_PROTOTYPES = YES;
				CLANG_WARN_SUSPICIOUS_MOVE = YES;
				CLANG_WARN_UNREACHABLE_CODE = YES;
				CLANG_WARN__DUPLICATE_METHOD_MATCH = YES;
				COPY_PHASE_STRIP = NO;
				DEBUG_INFORMATION_FORMAT = "dwarf-with-dsym";
				ENABLE_NS_ASSERTIONS = NO;
				ENABLE_STRICT_OBJC_MSGSEND = YES;
				GCC_C_LANGUAGE_STANDARD = gnu99;
				GCC_NO_COMMON_BLOCKS = YES;
				GCC_WARN_64_TO_32_BIT_CONVERSION = YES;
				GCC_WARN_ABOUT_RETURN_TYPE = YES_ERROR;
				GCC_WARN_UNDECLARED_SELECTOR = YES;
				GCC_WARN_UNINITIALIZED_AUTOS = YES_AGGRESSIVE;
				GCC_WARN_UNUSED_FUNCTION = YES;
				GCC_WARN_UNUSED_VARIABLE = YES;
				MACOSX_DEPLOYMENT_TARGET = 10.13;
				MTL_ENABLE_DEBUG_INFO = NO;
				SDKROOT = macosx;
			};
			name = Release;
		};
		2283BE371ADAFC8100C56DB5 /* Debug */ = {
			isa = XCBuildConfiguration;
			buildSettings = {
				PRODUCT_NAME = "$(TARGET_NAME)";
				SWIFT_VERSION = 4.2;
			};
			name = Debug;
		};
		2283BE381ADAFC8100C56DB5 /* Release */ = {
			isa = XCBuildConfiguration;
			buildSettings = {
				GCC_OPTIMIZATION_LEVEL = fast;
				PRODUCT_NAME = "$(TARGET_NAME)";
				SWIFT_OPTIMIZATION_LEVEL = "-Owholemodule";
				SWIFT_VERSION = 4.2;
			};
			name = Release;
		};
/* End XCBuildConfiguration section */

/* Begin XCConfigurationList section */
		2283BE2A1ADAFC8100C56DB5 /* Build configuration list for PBXProject "GeneticAlgorithm" */ = {
			isa = XCConfigurationList;
			buildConfigurations = (
				2283BE341ADAFC8100C56DB5 /* Debug */,
				2283BE351ADAFC8100C56DB5 /* Release */,
			);
			defaultConfigurationIsVisible = 0;
			defaultConfigurationName = Release;
		};
		2283BE361ADAFC8100C56DB5 /* Build configuration list for PBXNativeTarget "GeneticAlgorithm" */ = {
			isa = XCConfigurationList;
			buildConfigurations = (
				2283BE371ADAFC8100C56DB5 /* Debug */,
				2283BE381ADAFC8100C56DB5 /* Release */,
			);
			defaultConfigurationIsVisible = 0;
			defaultConfigurationName = Release;
		};
/* End XCConfigurationList section */
	};
	rootObject = 2283BE271ADAFC8100C56DB5 /* Project object */;
}
